{
  "nodes": {
    "nixpkgs": {
      "locked": {
        "lastModified": 1759036355,
        "narHash": "sha256-0m27AKv6ka+q270dw48KflE0LwQYrO7Fm4/2//KCVWg=",
        "owner": "NixOS",
        "repo": "nixpkgs",
        "rev": "e9f00bd893984bc8ce46c895c3bf7cac95331127",
        "type": "github"
      },
      "original": {
        "owner": "NixOS",
        "ref": "nixos-unstable",
        "repo": "nixpkgs",
        "type": "github"
      }
    },
    "one-for-all": {
      "locked": {
        "lastModified": 1762353787,
        "narHash": "sha256-Pcebytd+V15yfxXfmANKKm17xHDn92FMPZyArJ5Vj2A=",
        "ref": "refs/heads/main",
        "rev": "c646297f6d4232e6104e78b97c3dabef514d3a2b",
        "revCount": 792,
        "type": "git",
        "url": "file:../../../../libs/one-for-all"
      },
      "original": {
        "type": "git",
        "url": "file:../../../../libs/one-for-all"
      }
    },
    "root": {
      "inputs": {
        "nixpkgs": "nixpkgs",
        "one-for-all": "one-for-all"
      }
    }
  },
  "root": "root",
  "version": 7
}
